
Microsoft Visual Studio Solution File, Format Version 12.00
# Visual Studio Version 16
VisualStudioVersion = 16.0.29418.71
MinimumVisualStudioVersion = 10.0.40219.1
Project("{FAE04EC0-301F-11D3-BF4B-00C04F79EFBC}") = "examhandin2", "examhandin2.csproj", "{DB4C9B69-3A34-4397-856F-75B5D0DB85E8}"
EndProject
Project("{FAE04EC0-301F-11D3-BF4B-00C04F79EFBC}") = "examhandin2.Tests", "..\examhandin2.Tests\examhandin2.Tests.csproj", "{00B2FDB8-A7F7-4F7D-AEEF-A27B890C7440}"
EndProject
Global
	GlobalSection(SolutionConfigurationPlatforms) = preSolution
		Debug|Any CPU = Debug|Any CPU
		Release|Any CPU = Release|Any CPU
	EndGlobalSection
	GlobalSection(ProjectConfigurationPlatforms) = postSolution
		{DB4C9B69-3A34-4397-856F-75B5D0DB85E8}.Debug|Any CPU.ActiveCfg = Debug|Any CPU
		{DB4C9B69-3A34-4397-856F-75B5D0DB85E8}.Debug|Any CPU.Build.0 = Debug|Any CPU
		{DB4C9B69-3A34-4397-856F-75B5D0DB85E8}.Release|Any CPU.ActiveCfg = Release|Any CPU
		{DB4C9B69-3A34-4397-856F-75B5D0DB85E8}.Release|Any CPU.Build.0 = Release|Any CPU
		{00B2FDB8-A7F7-4F7D-AEEF-A27B890C7440}.Debug|Any CPU.ActiveCfg = Debug|Any CPU
		{00B2FDB8-A7F7-4F7D-AEEF-A27B890C7440}.Debug|Any CPU.Build.0 = Debug|Any CPU
		{00B2FDB8-A7F7-4F7D-AEEF-A27B890C7440}.Release|Any CPU.ActiveCfg = Release|Any CPU
		{00B2FDB8-A7F7-4F7D-AEEF-A27B890C7440}.Release|Any CPU.Build.0 = Release|Any CPU
	EndGlobalSection
	GlobalSection(SolutionProperties) = preSolution
		HideSolutionNode = FALSE
	EndGlobalSection
	GlobalSection(ExtensibilityGlobals) = postSolution
		SolutionGuid = {E0158293-00B5-4F56-A2AD-84FBFC5782EE}
	EndGlobalSection
EndGlobal
