
Microsoft Visual Studio Solution File, Format Version 12.00
# Visual Studio Version 16
VisualStudioVersion = 16.0.29418.71
MinimumVisualStudioVersion = 10.0.40219.1
Project("{FAE04EC0-301F-11D3-BF4B-00C04F79EFBC}") = "XML_CRUD", "XML_CRUD.csproj", "{B711AF57-F4DC-47B1-B1BD-B67EA6BF58E7}"
EndProject
Global
	GlobalSection(SolutionConfigurationPlatforms) = preSolution
		Debug|Any CPU = Debug|Any CPU
		Release|Any CPU = Release|Any CPU
	EndGlobalSection
	GlobalSection(ProjectConfigurationPlatforms) = postSolution
		{B711AF57-F4DC-47B1-B1BD-B67EA6BF58E7}.Debug|Any CPU.ActiveCfg = Debug|Any CPU
		{B711AF57-F4DC-47B1-B1BD-B67EA6BF58E7}.Debug|Any CPU.Build.0 = Debug|Any CPU
		{B711AF57-F4DC-47B1-B1BD-B67EA6BF58E7}.Release|Any CPU.ActiveCfg = Release|Any CPU
		{B711AF57-F4DC-47B1-B1BD-B67EA6BF58E7}.Release|Any CPU.Build.0 = Release|Any CPU
	EndGlobalSection
	GlobalSection(SolutionProperties) = preSolution
		HideSolutionNode = FALSE
	EndGlobalSection
	GlobalSection(ExtensibilityGlobals) = postSolution
		SolutionGuid = {85E736B3-DCD3-4C26-8171-8B2F2915670C}
	EndGlobalSection
EndGlobal
