
Microsoft Visual Studio Solution File, Format Version 12.00
# Visual Studio Version 16
VisualStudioVersion = 16.0.29215.179
MinimumVisualStudioVersion = 10.0.40219.1
Project("{FAE04EC0-301F-11D3-BF4B-00C04F79EFBC}") = "myHelloWorld", "myHelloWorld.csproj", "{C62EB9CD-A8C5-45D6-A63A-A526D7383E81}"
EndProject
Global
	GlobalSection(SolutionConfigurationPlatforms) = preSolution
		Debug|Any CPU = Debug|Any CPU
		Release|Any CPU = Release|Any CPU
	EndGlobalSection
	GlobalSection(ProjectConfigurationPlatforms) = postSolution
		{C62EB9CD-A8C5-45D6-A63A-A526D7383E81}.Debug|Any CPU.ActiveCfg = Debug|Any CPU
		{C62EB9CD-A8C5-45D6-A63A-A526D7383E81}.Debug|Any CPU.Build.0 = Debug|Any CPU
		{C62EB9CD-A8C5-45D6-A63A-A526D7383E81}.Release|Any CPU.ActiveCfg = Release|Any CPU
		{C62EB9CD-A8C5-45D6-A63A-A526D7383E81}.Release|Any CPU.Build.0 = Release|Any CPU
	EndGlobalSection
	GlobalSection(SolutionProperties) = preSolution
		HideSolutionNode = FALSE
	EndGlobalSection
	GlobalSection(ExtensibilityGlobals) = postSolution
		SolutionGuid = {DA607AD9-2FF1-41DA-A4AA-03102C7AE82A}
	EndGlobalSection
EndGlobal
