
Microsoft Visual Studio Solution File, Format Version 12.00
# Visual Studio Version 16
VisualStudioVersion = 16.0.29418.71
MinimumVisualStudioVersion = 10.0.40219.1
Project("{FAE04EC0-301F-11D3-BF4B-00C04F79EFBC}") = "ObjectExample", "ObjectExample.csproj", "{9BC30CFA-9E8E-4E4A-B8FC-2F9B0C43BAEF}"
EndProject
Global
	GlobalSection(SolutionConfigurationPlatforms) = preSolution
		Debug|Any CPU = Debug|Any CPU
		Release|Any CPU = Release|Any CPU
	EndGlobalSection
	GlobalSection(ProjectConfigurationPlatforms) = postSolution
		{9BC30CFA-9E8E-4E4A-B8FC-2F9B0C43BAEF}.Debug|Any CPU.ActiveCfg = Debug|Any CPU
		{9BC30CFA-9E8E-4E4A-B8FC-2F9B0C43BAEF}.Debug|Any CPU.Build.0 = Debug|Any CPU
		{9BC30CFA-9E8E-4E4A-B8FC-2F9B0C43BAEF}.Release|Any CPU.ActiveCfg = Release|Any CPU
		{9BC30CFA-9E8E-4E4A-B8FC-2F9B0C43BAEF}.Release|Any CPU.Build.0 = Release|Any CPU
	EndGlobalSection
	GlobalSection(SolutionProperties) = preSolution
		HideSolutionNode = FALSE
	EndGlobalSection
	GlobalSection(ExtensibilityGlobals) = postSolution
		SolutionGuid = {74839676-29A4-4B7F-91CA-7CCD0982D300}
	EndGlobalSection
EndGlobal
